
Microsoft Visual Studio Solution File, Format Version 12.00
# Visual Studio Version 17
VisualStudioVersion = 17.2.32516.85
MinimumVisualStudioVersion = 10.0.40219.1
Project("{FAE04EC0-301F-11D3-BF4B-00C04F79EFBC}") = "ConsoleApp1", "ConsoleApp1\ConsoleApp1.csproj", "{7EE2DED7-5532-470B-9EC8-30A515833DCC}"
EndProject
Global
	GlobalSection(SolutionConfigurationPlatforms) = preSolution
		Debug|Any CPU = Debug|Any CPU
		Release|Any CPU = Release|Any CPU
	EndGlobalSection
	GlobalSection(ProjectConfigurationPlatforms) = postSolution
		{7EE2DED7-5532-470B-9EC8-30A515833DCC}.Debug|Any CPU.ActiveCfg = Debug|Any CPU
		{7EE2DED7-5532-470B-9EC8-30A515833DCC}.Debug|Any CPU.Build.0 = Debug|Any CPU
		{7EE2DED7-5532-470B-9EC8-30A515833DCC}.Release|Any CPU.ActiveCfg = Release|Any CPU
		{7EE2DED7-5532-470B-9EC8-30A515833DCC}.Release|Any CPU.Build.0 = Release|Any CPU
	EndGlobalSection
	GlobalSection(SolutionProperties) = preSolution
		HideSolutionNode = FALSE
	EndGlobalSection
	GlobalSection(ExtensibilityGlobals) = postSolution
		SolutionGuid = {2862D2F6-41F8-4D28-A837-33B29A66BC33}
	EndGlobalSection
EndGlobal
